
Microsoft Visual Studio Solution File, Format Version 12.00
# Visual Studio Version 16
VisualStudioVersion = 16.0.29709.97
MinimumVisualStudioVersion = 10.0.40219.1
Project("{8BC9CEB8-8B4A-11D0-8D11-00A0C91BC942}") = "LetterRecognition", "LetterRecognition.vcxproj", "{E9DAD658-12C6-4971-B80C-E21E252B76F6}"
EndProject
Global
	GlobalSection(SolutionConfigurationPlatforms) = preSolution
		Debug|x86 = Debug|x86
		Release|x86 = Release|x86
	EndGlobalSection
	GlobalSection(ProjectConfigurationPlatforms) = postSolution
		{E9DAD658-12C6-4971-B80C-E21E252B76F6}.Debug|x86.ActiveCfg = Debug|Win32
		{E9DAD658-12C6-4971-B80C-E21E252B76F6}.Debug|x86.Build.0 = Debug|Win32
		{E9DAD658-12C6-4971-B80C-E21E252B76F6}.Release|x86.ActiveCfg = Release|Win32
		{E9DAD658-12C6-4971-B80C-E21E252B76F6}.Release|x86.Build.0 = Release|Win32
	EndGlobalSection
	GlobalSection(SolutionProperties) = preSolution
		HideSolutionNode = FALSE
	EndGlobalSection
	GlobalSection(ExtensibilityGlobals) = postSolution
		SolutionGuid = {F4FA8E01-07CD-4F41-838B-AF679514D3C8}
	EndGlobalSection
EndGlobal
